# THIS IS AN AUTOGENERATED FILE. DO NOT EDIT THIS FILE DIRECTLY.
# yarn lockfile v1


agent-base@4, agent-base@^4.1.0:
  version "4.2.1"
  resolved "https://widen.jfrog.io/widen/api/npm/npm-virtual/agent-base/-/agent-base-4.2.1.tgz#d89e5999f797875674c07d87f260fc41e83e8ca9"
  integrity sha1-2J5ZmfeXh1Z0wH2H8mD8Qeg+jKk=
  dependencies:
    es6-promisify "^5.0.0"

argparse@^1.0.7:
  version "1.0.10"
  resolved "https://registry.yarnpkg.com/argparse/-/argparse-1.0.10.tgz#bcd6791ea5ae09725e17e5ad988134cd40b3d911"
  integrity sha512-o5Roy6tNG4SL/FOkCAN6RzjiakZS25RLYFrcMttJqbdd8BWrnA+fGz57iN5Pb06pvBGvl5gQ0B48dJlslXvoTg==
  dependencies:
    sprintf-js "~1.0.2"

coc-css@^1.0.6:
  version "1.0.6"
  resolved "https://registry.yarnpkg.com/coc-css/-/coc-css-1.0.6.tgz#c8be03c0cded1753c354940a4da6bff372b1fe61"
  integrity sha512-+ohStpV7LeRMs4uVJtSWhx+6cZODLj3zFAUz4Patg/5c9RZGeMe7GZ+U7q9NDYL/u5J8ocNFHayoi2Dnio6joQ==
  dependencies:
    tslib "^1.9.3"
    vscode-css-languageservice "^3.0.12"
    vscode-languageserver "^5.1.0"
    vscode-languageserver-protocol "^3.13.0"

coc-html@^1.0.7:
  version "1.0.7"
  resolved "https://registry.yarnpkg.com/coc-html/-/coc-html-1.0.7.tgz#9b4a4c80684fe4ba49f7b313850e23f2cb79c6a3"
  integrity sha512-TmIGj76PttArDeIjg7psPSLlVpm5Ya3xICwjogNPn2i3Ey1MnSxGPycw1jfaKpITsAOF3ZNRVn2dBVSG7vxSfQ==
  dependencies:
    tslib "^1.9.3"
    typescript "^3.2.2"
    vscode-css-languageservice "^3.0.13-next.3"
    vscode-html-languageservice "^2.1.11-next.2"
    vscode-languageserver "^5.2.1"
    vscode-languageserver-types "^3.14.0"
    vscode-uri "^1.0.6"

coc-jest@^1.0.1:
  version "1.0.1"
  resolved "https://registry.yarnpkg.com/coc-jest/-/coc-jest-1.0.1.tgz#2bc9d3abbf60a50a8c8a217d4201ff4d8fce1bbb"
  integrity sha512-NaE6BYOF243IfFpXlbgl4MTG8a5FuHwqrr/c//0aOj9vzvvYIyct9h3N+cI6NdVTz/fYV5iAuXYPPf7vh5opUA==
  dependencies:
    pify "^4.0.1"
    tslib "^1.9.3"
    vscode-uri "^1.0.6"
    which "^1.3.1"

coc-json@^1.0.7:
  version "1.0.7"
  resolved "https://registry.yarnpkg.com/coc-json/-/coc-json-1.0.7.tgz#ce3b48fcd26c1f73f68ed1ce5a31d7db15411cfc"
  integrity sha512-uPUJWjKHQO8oI+yx+OTViftr0Nr5Dn91iEUMczakR/xumtGkgr/LZPx7NPE4ia/s7+ZK+VXUY3xS/hCGpxYh9A==
  dependencies:
    find-up "^3.0.0"
    request-light "^0.2.4"
    tslib "^1.9.3"
    vscode-json-languageservice "^3.2.1"
    vscode-languageserver "^5.1.0"
    vscode-languageserver-protocol "^3.13.0"
    vscode-uri "^1.0.6"

coc-tsserver@^1.1.16:
  version "1.1.16"
  resolved "https://registry.yarnpkg.com/coc-tsserver/-/coc-tsserver-1.1.16.tgz#0d2f0989bfa7e100b162eeed75e7da01a9bdb562"
  integrity sha512-aQFAtqp1ycLyeBfBvD0XVNwj88na6VYyg7YMcwZ0wiFhgyH8JFe7Qk+fTaOoFiVvtiIcq4xdlMrbAqHWLyIitg==
  dependencies:
    fast-diff "^1.2.0"
    find-up "^3.0.0"
    semver "^5.6.0"
    tslib "^1.9.3"
    typescript "^3.1.6"
    vscode-languageserver-protocol "^3.13.0"
    vscode-uri "^1.0.6"
    which "^1.3.1"

coc-yaml@^1.0.0:
  version "1.0.0"
  resolved "https://registry.yarnpkg.com/coc-yaml/-/coc-yaml-1.0.0.tgz#0fd2981f831887f83e76bf42d13765bfb970c93a"
  integrity sha512-JbNs7Y0+y4bbWsHPCxHfa7eOEZf1rq6tgtquIm3EEw9KMg9oaZ7yXS/QsuJ+NdUIINjEyRyCNOz2nfYR3LxUww==
  dependencies:
    tslib "^1.9.3"
    vscode-languageserver "^5.1.0"
    vscode-languageserver-protocol "^3.13.0"
    vscode-uri "^1.0.6"
    yaml-language-server "^0.1.0"

debug@3.1.0:
  version "3.1.0"
  resolved "https://widen.jfrog.io/widen/api/npm/npm-virtual/debug/-/debug-3.1.0.tgz#5bb5a0672628b64149566ba16819e61518c67261"
  integrity sha1-W7WgZyYotkFJVmuhaBnmFRjGcmE=
  dependencies:
    ms "2.0.0"

debug@^3.1.0:
  version "3.2.6"
  resolved "https://widen.jfrog.io/widen/api/npm/npm-virtual/debug/-/debug-3.2.6.tgz#e83d17de16d8a7efb7717edbe5fb10135eee629b"
  integrity sha1-6D0X3hbYp++3cX7b5fsQE17uYps=
  dependencies:
    ms "^2.1.1"

es6-promise@^4.0.3:
  version "4.2.5"
  resolved "https://widen.jfrog.io/widen/api/npm/npm-virtual/es6-promise/-/es6-promise-4.2.5.tgz#da6d0d5692efb461e082c14817fe2427d8f5d054"
  integrity sha1-2m0NVpLvtGHggsFIF/4kJ9j10FQ=

es6-promisify@^5.0.0:
  version "5.0.0"
  resolved "https://widen.jfrog.io/widen/api/npm/npm-virtual/es6-promisify/-/es6-promisify-5.0.0.tgz#5109d62f3e56ea967c4b63505aef08291c8a5203"
  integrity sha1-UQnWLz5W6pZ8S2NQWu8IKRyKUgM=
  dependencies:
    es6-promise "^4.0.3"

esprima@^4.0.0:
  version "4.0.1"
  resolved "https://registry.yarnpkg.com/esprima/-/esprima-4.0.1.tgz#13b04cdb3e6c5d19df91ab6987a8695619b0aa71"
  integrity sha512-eGuFFw7Upda+g4p+QHvnW0RyTX/SVeJBDM/gCtMARO0cLuT2HcEKnTPvhjV6aGeqrCB/sbNop0Kszm0jsaWU4A==

fast-diff@^1.2.0:
  version "1.2.0"
  resolved "https://registry.yarnpkg.com/fast-diff/-/fast-diff-1.2.0.tgz#73ee11982d86caaf7959828d519cfe927fac5f03"
  integrity sha512-xJuoT5+L99XlZ8twedaRf6Ax2TgQVxvgZOYoPKqZufmJib0tL2tegPBOZb1pVNgIhlqDlA0eO0c3wBvQcmzx4w==

find-up@^3.0.0:
  version "3.0.0"
  resolved "https://widen.jfrog.io/widen/api/npm/npm-virtual/find-up/-/find-up-3.0.0.tgz#49169f1d7993430646da61ecc5ae355c21c97b73"
  integrity sha1-SRafHXmTQwZG2mHsxa41XCHJe3M=
  dependencies:
    locate-path "^3.0.0"

http-proxy-agent@^2.1.0:
  version "2.1.0"
  resolved "https://widen.jfrog.io/widen/api/npm/npm-virtual/http-proxy-agent/-/http-proxy-agent-2.1.0.tgz#e4821beef5b2142a2026bd73926fe537631c5405"
  integrity sha1-5IIb7vWyFCogJr1zkm/lN2McVAU=
  dependencies:
    agent-base "4"
    debug "3.1.0"

https-proxy-agent@^2.2.1:
  version "2.2.1"
  resolved "https://widen.jfrog.io/widen/api/npm/npm-virtual/https-proxy-agent/-/https-proxy-agent-2.2.1.tgz#51552970fa04d723e04c56d04178c3f92592bbc0"
  integrity sha1-UVUpcPoE1yPgTFbQQXjD+SWSu8A=
  dependencies:
    agent-base "^4.1.0"
    debug "^3.1.0"

isexe@^2.0.0:
  version "2.0.0"
  resolved "https://registry.yarnpkg.com/isexe/-/isexe-2.0.0.tgz#e8fbf374dc556ff8947a10dcb0572d633f2cfa10"
  integrity sha1-6PvzdNxVb/iUehDcsFctYz8s+hA=

js-yaml@^3.12.0:
  version "3.12.0"
  resolved "https://registry.yarnpkg.com/js-yaml/-/js-yaml-3.12.0.tgz#eaed656ec8344f10f527c6bfa1b6e2244de167d1"
  integrity sha512-PIt2cnwmPfL4hKNwqeiuz4bKfnzHTBv6HyVgjahA6mPLwPDzjDWrplJBMjHUFxku/N3FlmrbyPclad+I+4mJ3A==
  dependencies:
    argparse "^1.0.7"
    esprima "^4.0.0"

jsonc-parser@^1.0.3:
  version "1.0.3"
  resolved "https://registry.yarnpkg.com/jsonc-parser/-/jsonc-parser-1.0.3.tgz#1d53d7160e401a783dbceabaad82473f80e6ad7e"
  integrity sha512-hk/69oAeaIzchq/v3lS50PXuzn5O2ynldopMC+SWBql7J2WtdptfB9dy8Y7+Og5rPkTCpn83zTiO8FMcqlXJ/g==

jsonc-parser@^2.0.0-next.1, jsonc-parser@^2.0.2:
  version "2.0.2"
  resolved "https://widen.jfrog.io/widen/api/npm/npm-virtual/jsonc-parser/-/jsonc-parser-2.0.2.tgz#42fcf56d70852a043fadafde51ddb4a85649978d"
  integrity sha1-Qvz1bXCFKgQ/ra/eUd20qFZJl40=

locate-path@^3.0.0:
  version "3.0.0"
  resolved "https://widen.jfrog.io/widen/api/npm/npm-virtual/locate-path/-/locate-path-3.0.0.tgz#dbec3b3ab759758071b58fe59fc41871af21400e"
  integrity sha1-2+w7OrdZdYBxtY/ln8QYca8hQA4=
  dependencies:
    p-locate "^3.0.0"
    path-exists "^3.0.0"

ms@2.0.0:
  version "2.0.0"
  resolved "https://widen.jfrog.io/widen/api/npm/npm-virtual/ms/-/ms-2.0.0.tgz#5608aeadfc00be6c2901df5f9861788de0d597c8"
  integrity sha1-VgiurfwAvmwpAd9fmGF4jeDVl8g=

ms@^2.1.1:
  version "2.1.1"
  resolved "https://widen.jfrog.io/widen/api/npm/npm-virtual/ms/-/ms-2.1.1.tgz#30a5864eb3ebb0a66f2ebe6d727af06a09d86e0a"
  integrity sha1-MKWGTrPrsKZvLr5tcnrwagnYbgo=

p-limit@^2.0.0:
  version "2.0.0"
  resolved "https://widen.jfrog.io/widen/api/npm/npm-virtual/p-limit/-/p-limit-2.0.0.tgz#e624ed54ee8c460a778b3c9f3670496ff8a57aec"
  integrity sha1-5iTtVO6MRgp3izyfNnBJb/ileuw=
  dependencies:
    p-try "^2.0.0"

p-locate@^3.0.0:
  version "3.0.0"
  resolved "https://widen.jfrog.io/widen/api/npm/npm-virtual/p-locate/-/p-locate-3.0.0.tgz#322d69a05c0264b25997d9f40cd8a891ab0064a4"
  integrity sha1-Mi1poFwCZLJZl9n0DNiokasAZKQ=
  dependencies:
    p-limit "^2.0.0"

p-try@^2.0.0:
  version "2.0.0"
  resolved "https://widen.jfrog.io/widen/api/npm/npm-virtual/p-try/-/p-try-2.0.0.tgz#85080bb87c64688fa47996fe8f7dfbe8211760b1"
  integrity sha1-hQgLuHxkaI+keZb+j3376CEXYLE=

path-exists@^3.0.0:
  version "3.0.0"
  resolved "https://widen.jfrog.io/widen/api/npm/npm-virtual/path-exists/-/path-exists-3.0.0.tgz#ce0ebeaa5f78cb18925ea7d810d7b59b010fd515"
  integrity sha1-zg6+ql94yxiSXqfYENe1mwEP1RU=

pify@^4.0.1:
  version "4.0.1"
  resolved "https://registry.yarnpkg.com/pify/-/pify-4.0.1.tgz#4b2cd25c50d598735c50292224fd8c6df41e3231"
  integrity sha512-uB80kBFb/tfd68bVleG9T5GGsGPjJrLAUpR5PZIrhBnIaRTQRjqdJSsIKkOP6OAIFbj7GOrcudc5pNjZ+geV2g==

prettier@^1.14.3:
  version "1.15.3"
  resolved "https://registry.yarnpkg.com/prettier/-/prettier-1.15.3.tgz#1feaac5bdd181237b54dbe65d874e02a1472786a"
  integrity sha512-gAU9AGAPMaKb3NNSUUuhhFAS7SCO4ALTN4nRIn6PJ075Qd28Yn2Ig2ahEJWdJwJmlEBTUfC7mMUSFy8MwsOCfg==

request-light@^0.2.3, request-light@^0.2.4:
  version "0.2.4"
  resolved "https://widen.jfrog.io/widen/api/npm/npm-virtual/request-light/-/request-light-0.2.4.tgz#3cea29c126682e6bcadf7915353322eeba01a755"
  integrity sha1-POopwSZoLmvK33kVNTMi7roBp1U=
  dependencies:
    http-proxy-agent "^2.1.0"
    https-proxy-agent "^2.2.1"
    vscode-nls "^4.0.0"

semver@^5.6.0:
  version "5.6.0"
  resolved "https://registry.yarnpkg.com/semver/-/semver-5.6.0.tgz#7e74256fbaa49c75aa7c7a205cc22799cac80004"
  integrity sha512-RS9R6R35NYgQn++fkDWaOmqGoj4Ek9gGs+DPxNUZKuwE183xjJroKvyo1IzVFeXvUrvmALy6FWD5xrdJT25gMg==

sprintf-js@~1.0.2:
  version "1.0.3"
  resolved "https://registry.yarnpkg.com/sprintf-js/-/sprintf-js-1.0.3.tgz#04e6926f662895354f3dd015203633b857297e2c"
  integrity sha1-BOaSb2YolTVPPdAVIDYzuFcpfiw=

tslib@^1.9.3:
  version "1.9.3"
  resolved "https://widen.jfrog.io/widen/api/npm/npm-virtual/tslib/-/tslib-1.9.3.tgz#d7e4dd79245d85428c4d7e4822a79917954ca286"
  integrity sha1-1+TdeSRdhUKMTX5IIqeZF5VMooY=

typescript@^3.1.6:
  version "3.2.1"
  resolved "https://widen.jfrog.io/widen/api/npm/npm-virtual/typescript/-/typescript-3.2.1.tgz#0b7a04b8cf3868188de914d9568bd030f0c56192"
  integrity sha1-C3oEuM84aBiN6RTZVovQMPDFYZI=

typescript@^3.2.2:
  version "3.4.1"
  resolved "https://registry.yarnpkg.com/typescript/-/typescript-3.4.1.tgz#b6691be11a881ffa9a05765a205cb7383f3b63c6"
  integrity sha512-3NSMb2VzDQm8oBTLH6Nj55VVtUEpe/rgkIzMir0qVoLyjDZlnMBva0U6vDiV3IH+sl/Yu6oP5QwsAQtHPmDd2Q==

vscode-css-languageservice@^3.0.12:
  version "3.0.12"
  resolved "https://widen.jfrog.io/widen/api/npm/npm-virtual/vscode-css-languageservice/-/vscode-css-languageservice-3.0.12.tgz#fb4aac5ae3c5b761b1db1d7224b78ff824284dc3"
  integrity sha1-+0qsWuPFt2Gx2x1yJLeP+CQoTcM=
  dependencies:
    vscode-languageserver-types "^3.13.0"
    vscode-nls "^4.0.0"

vscode-css-languageservice@^3.0.13-next.3:
  version "3.0.13"
  resolved "https://registry.yarnpkg.com/vscode-css-languageservice/-/vscode-css-languageservice-3.0.13.tgz#1788735b65fde54181ea458e6a52cc2bd6dd9126"
  integrity sha512-RWkO/c/A7iXhHEy3OuEqkCqavDjpD4NF2Ca8vjai+ZtEYNeHrm1ybTnBYLP4Ft1uXvvaaVtYA9HrDjD6+CUONg==
  dependencies:
    vscode-languageserver-types "^3.13.0"
    vscode-nls "^4.0.0"

vscode-html-languageservice@^2.1.11-next.2:
  version "2.1.12"
  resolved "https://registry.yarnpkg.com/vscode-html-languageservice/-/vscode-html-languageservice-2.1.12.tgz#b4f9e23cac6fea74d4c9825fb4a4ef9bf313785e"
  integrity sha512-mIb5VMXM5jI97HzCk2eadI1K//rCEZXte0wBqA7PGXsyJH4KTyJUaYk9MR+mbfpUl2vMi3HZw9GUOLGYLc6l5w==
  dependencies:
    vscode-languageserver-types "^3.13.0"
    vscode-nls "^4.0.0"
    vscode-uri "^1.0.6"

vscode-json-languageservice@3.0.12:
  version "3.0.12"
  resolved "https://registry.yarnpkg.com/vscode-json-languageservice/-/vscode-json-languageservice-3.0.12.tgz#85258632f2f7718028fbdfbb95b4ad009107b821"
  integrity sha512-XSgRVY/vsPqOa//ZwLD5DWx1wzTQGgeZfsOlVqFlLya10dpimSnd27kbuL45hzxh4B+MvmHZtZeWQKjSYnNF0A==
  dependencies:
    jsonc-parser "^2.0.0-next.1"
    vscode-languageserver-types "^3.6.1"
    vscode-nls "^3.2.1"
    vscode-uri "^1.0.3"

vscode-json-languageservice@^3.2.1:
  version "3.2.1"
  resolved "https://widen.jfrog.io/widen/api/npm/npm-virtual/vscode-json-languageservice/-/vscode-json-languageservice-3.2.1.tgz#991d51128ebd81c5525d0578cabfa5b03e3cba2a"
  integrity sha1-mR1REo69gcVSXQV4yr+lsD48uio=
  dependencies:
    jsonc-parser "^2.0.2"
    vscode-languageserver-types "^3.13.0"
    vscode-nls "^4.0.0"
    vscode-uri "^1.0.6"

vscode-jsonrpc@^4.0.0:
  version "4.0.0"
  resolved "https://widen.jfrog.io/widen/api/npm/npm-virtual/vscode-jsonrpc/-/vscode-jsonrpc-4.0.0.tgz#a7bf74ef3254d0a0c272fab15c82128e378b3be9"
  integrity sha1-p7907zJU0KDCcvqxXIISjjeLO+k=

vscode-languageserver-protocol@3.13.0, vscode-languageserver-protocol@^3.10.3, vscode-languageserver-protocol@^3.13.0:
  version "3.13.0"
  resolved "https://widen.jfrog.io/widen/api/npm/npm-virtual/vscode-languageserver-protocol/-/vscode-languageserver-protocol-3.13.0.tgz#710d8e42119bb3affb1416e1e104bd6b4d503595"
  integrity sha1-cQ2OQhGbs6/7FBbh4QS9a01QNZU=
  dependencies:
    vscode-jsonrpc "^4.0.0"
    vscode-languageserver-types "3.13.0"

vscode-languageserver-protocol@3.14.1:
  version "3.14.1"
  resolved "https://registry.yarnpkg.com/vscode-languageserver-protocol/-/vscode-languageserver-protocol-3.14.1.tgz#b8aab6afae2849c84a8983d39a1cf742417afe2f"
  integrity sha512-IL66BLb2g20uIKog5Y2dQ0IiigW0XKrvmWiOvc0yXw80z3tMEzEnHjaGAb3ENuU7MnQqgnYJ1Cl2l9RvNgDi4g==
  dependencies:
    vscode-jsonrpc "^4.0.0"
    vscode-languageserver-types "3.14.0"

vscode-languageserver-types@3.13.0, vscode-languageserver-types@^3.13.0, vscode-languageserver-types@^3.6.1:
  version "3.13.0"
  resolved "https://widen.jfrog.io/widen/api/npm/npm-virtual/vscode-languageserver-types/-/vscode-languageserver-types-3.13.0.tgz#b704b024cef059f7b326611c99b9c8753c0a18b4"
  integrity sha1-twSwJM7wWfezJmEcmbnIdTwKGLQ=

vscode-languageserver-types@3.14.0, vscode-languageserver-types@^3.14.0:
  version "3.14.0"
  resolved "https://registry.yarnpkg.com/vscode-languageserver-types/-/vscode-languageserver-types-3.14.0.tgz#d3b5952246d30e5241592b6dde8280e03942e743"
  integrity sha512-lTmS6AlAlMHOvPQemVwo3CezxBp0sNB95KNPkqp3Nxd5VFEnuG1ByM0zlRWos0zjO3ZWtkvhal0COgiV1xIA4A==

vscode-languageserver@^4.0.0:
  version "4.4.2"
  resolved "https://registry.yarnpkg.com/vscode-languageserver/-/vscode-languageserver-4.4.2.tgz#600ae9cc7a6ff1e84d93c7807840c2cb5b22821b"
  integrity sha512-61y8Raevi9EigDgg9NelvT9cUAohiEbUl1LOwQQgOCAaNX62yKny/ddi0uC+FUTm4CzsjhBu+06R+vYgfCYReA==
  dependencies:
    vscode-languageserver-protocol "^3.10.3"
    vscode-uri "^1.0.5"

vscode-languageserver@^5.1.0:
  version "5.1.0"
  resolved "https://widen.jfrog.io/widen/api/npm/npm-virtual/vscode-languageserver/-/vscode-languageserver-5.1.0.tgz#012a28f154cc7a848c443d217894942e4c3eeb39"
  integrity sha1-ASoo8VTMeoSMRD0heJSULkw+6zk=
  dependencies:
    vscode-languageserver-protocol "3.13.0"
    vscode-uri "^1.0.6"

vscode-languageserver@^5.2.1:
  version "5.2.1"
  resolved "https://registry.yarnpkg.com/vscode-languageserver/-/vscode-languageserver-5.2.1.tgz#0d2feddd33f92aadf5da32450df498d52f6f14eb"
  integrity sha512-GuayqdKZqAwwaCUjDvMTAVRPJOp/SLON3mJ07eGsx/Iq9HjRymhKWztX41rISqDKhHVVyFM+IywICyZDla6U3A==
  dependencies:
    vscode-languageserver-protocol "3.14.1"
    vscode-uri "^1.0.6"

vscode-nls@^3.2.1, vscode-nls@^3.2.2:
  version "3.2.5"
  resolved "https://registry.yarnpkg.com/vscode-nls/-/vscode-nls-3.2.5.tgz#25520c1955108036dec607c85e00a522f247f1a4"
  integrity sha512-ITtoh3V4AkWXMmp3TB97vsMaHRgHhsSFPsUdzlueSL+dRZbSNTZeOmdQv60kjCV306ghPxhDeoNUEm3+EZMuyw==

vscode-nls@^4.0.0:
  version "4.0.0"
  resolved "https://widen.jfrog.io/widen/api/npm/npm-virtual/vscode-nls/-/vscode-nls-4.0.0.tgz#4001c8a6caba5cedb23a9c5ce1090395c0e44002"
  integrity sha1-QAHIpsq6XO2yOpxc4QkDlcDkQAI=

vscode-uri@1.0.3:
  version "1.0.3"
  resolved "https://registry.yarnpkg.com/vscode-uri/-/vscode-uri-1.0.3.tgz#631bdbf716dccab0e65291a8dc25c23232085a52"
  integrity sha1-Yxvb9xbcyrDmUpGo3CXCMjIIWlI=

vscode-uri@^1.0.3, vscode-uri@^1.0.5, vscode-uri@^1.0.6:
  version "1.0.6"
  resolved "https://widen.jfrog.io/widen/api/npm/npm-virtual/vscode-uri/-/vscode-uri-1.0.6.tgz#6b8f141b0bbc44ad7b07e94f82f168ac7608ad4d"
  integrity sha1-a48UGwu8RK17B+lPgvForHYIrU0=

which@^1.3.1:
  version "1.3.1"
  resolved "https://registry.yarnpkg.com/which/-/which-1.3.1.tgz#a45043d54f5805316da8d62f9f50918d3da70b0a"
  integrity sha512-HxJdYWq1MTIQbJ3nw0cqssHoTNU267KlrDuGZ1WYlxDStUtKUhOaJmh112/TZmHxxUfuJqPXSOm7tDyas0OSIQ==
  dependencies:
    isexe "^2.0.0"

yaml-ast-parser@0.0.40:
  version "0.0.40"
  resolved "https://registry.yarnpkg.com/yaml-ast-parser/-/yaml-ast-parser-0.0.40.tgz#08536d4e73d322b1c9ce207ab8dd70e04d20ae6e"
  integrity sha1-CFNtTnPTIrHJziB6uN1w4E0grm4=

yaml-language-server@^0.1.0:
  version "0.1.0"
  resolved "https://registry.yarnpkg.com/yaml-language-server/-/yaml-language-server-0.1.0.tgz#ab3aff5c601ae33e03dc08c0960fd7c70296e635"
  integrity sha512-2sA9eMgBnvEnjcQVIxbakIkiL8PQ6xJw1yXfdiVRn8ms+dI3EuaaatoUuIPhYnwmDOeaobDwkJs1bpQvFO4nqQ==
  dependencies:
    js-yaml "^3.12.0"
    jsonc-parser "^1.0.3"
    prettier "^1.14.3"
    request-light "^0.2.3"
    vscode-json-languageservice "3.0.12"
    vscode-languageserver "^4.0.0"
    vscode-languageserver-types "^3.6.1"
    vscode-nls "^3.2.2"
    vscode-uri "1.0.3"
    yaml-ast-parser "0.0.40"
